// !$*UTF8*$!
{
	archiveVersion = 1;
	classes = {
	};
	objectVersion = 55;
	objects = {

/* Begin PBXBuildFile section */
		B003143D7D6708E1C4B22A6A /* Pods_MovieAppTest.framework in Frameworks */ = {isa = PBXBuildFile; fileRef = FDAFFD92468E6C04CA24AAFB /* Pods_MovieAppTest.framework */; };
		F907FCD428ED1CCD00BF073D /* CustomCollectionViewCell.swift in Sources */ = {isa = PBXBuildFile; fileRef = F907FCD228ED1CCD00BF073D /* CustomCollectionViewCell.swift */; };
		F907FCD528ED1CCD00BF073D /* CustomCollectionViewCell.xib in Resources */ = {isa = PBXBuildFile; fileRef = F907FCD328ED1CCD00BF073D /* CustomCollectionViewCell.xib */; };
		F907FCDA28ED8EF200BF073D /* Extension.swift in Sources */ = {isa = PBXBuildFile; fileRef = F907FCD928ED8EF200BF073D /* Extension.swift */; };
		F907FCDC28ED98A700BF073D /* Detail.storyboard in Resources */ = {isa = PBXBuildFile; fileRef = F907FCDB28ED98A700BF073D /* Detail.storyboard */; };
		F907FCDE28ED9F5100BF073D /* DetailViewController.swift in Sources */ = {isa = PBXBuildFile; fileRef = F907FCDD28ED9F5100BF073D /* DetailViewController.swift */; };
		F907FCE328EDB0FB00BF073D /* SectionOneCell.swift in Sources */ = {isa = PBXBuildFile; fileRef = F907FCE128EDB0FB00BF073D /* SectionOneCell.swift */; };
		F907FCE428EDB0FB00BF073D /* SectionOneCell.xib in Resources */ = {isa = PBXBuildFile; fileRef = F907FCE228EDB0FB00BF073D /* SectionOneCell.xib */; };
		F907FCE728EDB3AB00BF073D /* SectionTwoCell.swift in Sources */ = {isa = PBXBuildFile; fileRef = F907FCE528EDB3AB00BF073D /* SectionTwoCell.swift */; };
		F907FCE828EDB3AB00BF073D /* SectionTwoCell.xib in Resources */ = {isa = PBXBuildFile; fileRef = F907FCE628EDB3AB00BF073D /* SectionTwoCell.xib */; };
		F907FCEB28EDB51000BF073D /* SectionThreeCell.swift in Sources */ = {isa = PBXBuildFile; fileRef = F907FCE928EDB51000BF073D /* SectionThreeCell.swift */; };
		F907FCEC28EDB51000BF073D /* SectionThreeCell.xib in Resources */ = {isa = PBXBuildFile; fileRef = F907FCEA28EDB51000BF073D /* SectionThreeCell.xib */; };
		F9E286A528EC6605009A466B /* AppDelegate.swift in Sources */ = {isa = PBXBuildFile; fileRef = F9E286A428EC6605009A466B /* AppDelegate.swift */; };
		F9E286A728EC6605009A466B /* SceneDelegate.swift in Sources */ = {isa = PBXBuildFile; fileRef = F9E286A628EC6605009A466B /* SceneDelegate.swift */; };
		F9E286A928EC6605009A466B /* ViewController.swift in Sources */ = {isa = PBXBuildFile; fileRef = F9E286A828EC6605009A466B /* ViewController.swift */; };
		F9E286AC28EC6605009A466B /* Main.storyboard in Resources */ = {isa = PBXBuildFile; fileRef = F9E286AA28EC6605009A466B /* Main.storyboard */; };
		F9E286AE28EC6609009A466B /* Assets.xcassets in Resources */ = {isa = PBXBuildFile; fileRef = F9E286AD28EC6609009A466B /* Assets.xcassets */; };
		F9E286B128EC6609009A466B /* LaunchScreen.storyboard in Resources */ = {isa = PBXBuildFile; fileRef = F9E286AF28EC6609009A466B /* LaunchScreen.storyboard */; };
		F9E286BA28EC8274009A466B /* Movie.swift in Sources */ = {isa = PBXBuildFile; fileRef = F9E286B928EC8274009A466B /* Movie.swift */; };
/* End PBXBuildFile section */

/* Begin PBXFileReference section */
		185FB6AF21D85485BA5CE8BA /* Pods-MovieAppTest.debug.xcconfig */ = {isa = PBXFileReference; includeInIndex = 1; lastKnownFileType = text.xcconfig; name = "Pods-MovieAppTest.debug.xcconfig"; path = "Target Support Files/Pods-MovieAppTest/Pods-MovieAppTest.debug.xcconfig"; sourceTree = "<group>"; };
		43FA92F173121D1070C7FA51 /* Pods-MovieAppTest.release.xcconfig */ = {isa = PBXFileReference; includeInIndex = 1; lastKnownFileType = text.xcconfig; name = "Pods-MovieAppTest.release.xcconfig"; path = "Target Support Files/Pods-MovieAppTest/Pods-MovieAppTest.release.xcconfig"; sourceTree = "<group>"; };
		F907FCD228ED1CCD00BF073D /* CustomCollectionViewCell.swift */ = {isa = PBXFileReference; lastKnownFileType = sourcecode.swift; path = CustomCollectionViewCell.swift; sourceTree = "<group>"; };
		F907FCD328ED1CCD00BF073D /* CustomCollectionViewCell.xib */ = {isa = PBXFileReference; lastKnownFileType = file.xib; path = CustomCollectionViewCell.xib; sourceTree = "<group>"; };
		F907FCD928ED8EF200BF073D /* Extension.swift */ = {isa = PBXFileReference; lastKnownFileType = sourcecode.swift; path = Extension.swift; sourceTree = "<group>"; };
		F907FCDB28ED98A700BF073D /* Detail.storyboard */ = {isa = PBXFileReference; lastKnownFileType = file.storyboard; path = Detail.storyboard; sourceTree = "<group>"; };
		F907FCDD28ED9F5100BF073D /* DetailViewController.swift */ = {isa = PBXFileReference; lastKnownFileType = sourcecode.swift; path = DetailViewController.swift; sourceTree = "<group>"; };
		F907FCE128EDB0FB00BF073D /* SectionOneCell.swift */ = {isa = PBXFileReference; lastKnownFileType = sourcecode.swift; path = SectionOneCell.swift; sourceTree = "<group>"; };
		F907FCE228EDB0FB00BF073D /* SectionOneCell.xib */ = {isa = PBXFileReference; lastKnownFileType = file.xib; path = SectionOneCell.xib; sourceTree = "<group>"; };
		F907FCE528EDB3AB00BF073D /* SectionTwoCell.swift */ = {isa = PBXFileReference; lastKnownFileType = sourcecode.swift; path = SectionTwoCell.swift; sourceTree = "<group>"; };
		F907FCE628EDB3AB00BF073D /* SectionTwoCell.xib */ = {isa = PBXFileReference; lastKnownFileType = file.xib; path = SectionTwoCell.xib; sourceTree = "<group>"; };
		F907FCE928EDB51000BF073D /* SectionThreeCell.swift */ = {isa = PBXFileReference; lastKnownFileType = sourcecode.swift; path = SectionThreeCell.swift; sourceTree = "<group>"; };
		F907FCEA28EDB51000BF073D /* SectionThreeCell.xib */ = {isa = PBXFileReference; lastKnownFileType = file.xib; path = SectionThreeCell.xib; sourceTree = "<group>"; };
		F9E286A128EC6605009A466B /* MovieAppTest.app */ = {isa = PBXFileReference; explicitFileType = wrapper.application; includeInIndex = 0; path = MovieAppTest.app; sourceTree = BUILT_PRODUCTS_DIR; };
		F9E286A428EC6605009A466B /* AppDelegate.swift */ = {isa = PBXFileReference; lastKnownFileType = sourcecode.swift; path = AppDelegate.swift; sourceTree = "<group>"; };
		F9E286A628EC6605009A466B /* SceneDelegate.swift */ = {isa = PBXFileReference; lastKnownFileType = sourcecode.swift; path = SceneDelegate.swift; sourceTree = "<group>"; };
		F9E286A828EC6605009A466B /* ViewController.swift */ = {isa = PBXFileReference; lastKnownFileType = sourcecode.swift; path = ViewController.swift; sourceTree = "<group>"; };
		F9E286AB28EC6605009A466B /* Base */ = {isa = PBXFileReference; lastKnownFileType = file.storyboard; name = Base; path = Base.lproj/Main.storyboard; sourceTree = "<group>"; };
		F9E286AD28EC6609009A466B /* Assets.xcassets */ = {isa = PBXFileReference; lastKnownFileType = folder.assetcatalog; path = Assets.xcassets; sourceTree = "<group>"; };
		F9E286B028EC6609009A466B /* Base */ = {isa = PBXFileReference; lastKnownFileType = file.storyboard; name = Base; path = Base.lproj/LaunchScreen.storyboard; sourceTree = "<group>"; };
		F9E286B228EC6609009A466B /* Info.plist */ = {isa = PBXFileReference; lastKnownFileType = text.plist.xml; path = Info.plist; sourceTree = "<group>"; };
		F9E286B928EC8274009A466B /* Movie.swift */ = {isa = PBXFileReference; lastKnownFileType = sourcecode.swift; path = Movie.swift; sourceTree = "<group>"; };
		FDAFFD92468E6C04CA24AAFB /* Pods_MovieAppTest.framework */ = {isa = PBXFileReference; explicitFileType = wrapper.framework; includeInIndex = 0; path = Pods_MovieAppTest.framework; sourceTree = BUILT_PRODUCTS_DIR; };
/* End PBXFileReference section */

/* Begin PBXFrameworksBuildPhase section */
		F9E2869E28EC6605009A466B /* Frameworks */ = {
			isa = PBXFrameworksBuildPhase;
			buildActionMask = 2147483647;
			files = (
				B003143D7D6708E1C4B22A6A /* Pods_MovieAppTest.framework in Frameworks */,
			);
			runOnlyForDeploymentPostprocessing = 0;
		};
/* End PBXFrameworksBuildPhase section */

/* Begin PBXGroup section */
		1171813596CA6550C6B30806 /* Frameworks */ = {
			isa = PBXGroup;
			children = (
				FDAFFD92468E6C04CA24AAFB /* Pods_MovieAppTest.framework */,
			);
			name = Frameworks;
			sourceTree = "<group>";
		};
		F907FCD628ED8EBF00BF073D /* View */ = {
			isa = PBXGroup;
			children = (
				F907FCD728ED8ECC00BF073D /* CustomCell */,
				F9E286AA28EC6605009A466B /* Main.storyboard */,
				F907FCDB28ED98A700BF073D /* Detail.storyboard */,
			);
			path = View;
			sourceTree = "<group>";
		};
		F907FCD728ED8ECC00BF073D /* CustomCell */ = {
			isa = PBXGroup;
			children = (
				F907FCE028EDAD6B00BF073D /* DetailCell */,
				F907FCDF28EDAD5700BF073D /* MovieListCell */,
			);
			path = CustomCell;
			sourceTree = "<group>";
		};
		F907FCD828ED8EDD00BF073D /* Controller */ = {
			isa = PBXGroup;
			children = (
				F9E286A828EC6605009A466B /* ViewController.swift */,
				F907FCDD28ED9F5100BF073D /* DetailViewController.swift */,
			);
			path = Controller;
			sourceTree = "<group>";
		};
		F907FCDF28EDAD5700BF073D /* MovieListCell */ = {
			isa = PBXGroup;
			children = (
				F907FCD228ED1CCD00BF073D /* CustomCollectionViewCell.swift */,
				F907FCD328ED1CCD00BF073D /* CustomCollectionViewCell.xib */,
			);
			path = MovieListCell;
			sourceTree = "<group>";
		};
		F907FCE028EDAD6B00BF073D /* DetailCell */ = {
			isa = PBXGroup;
			children = (
				F907FCE128EDB0FB00BF073D /* SectionOneCell.swift */,
				F907FCE228EDB0FB00BF073D /* SectionOneCell.xib */,
				F907FCE528EDB3AB00BF073D /* SectionTwoCell.swift */,
				F907FCE628EDB3AB00BF073D /* SectionTwoCell.xib */,
				F907FCE928EDB51000BF073D /* SectionThreeCell.swift */,
				F907FCEA28EDB51000BF073D /* SectionThreeCell.xib */,
			);
			path = DetailCell;
			sourceTree = "<group>";
		};
		F9E2869828EC6605009A466B = {
			isa = PBXGroup;
			children = (
				F9E286A328EC6605009A466B /* MovieAppTest */,
				F9E286A228EC6605009A466B /* Products */,
				FE392B968DC2FC5CE034FAFD /* Pods */,
				1171813596CA6550C6B30806 /* Frameworks */,
			);
			sourceTree = "<group>";
		};
		F9E286A228EC6605009A466B /* Products */ = {
			isa = PBXGroup;
			children = (
				F9E286A128EC6605009A466B /* MovieAppTest.app */,
			);
			name = Products;
			sourceTree = "<group>";
		};
		F9E286A328EC6605009A466B /* MovieAppTest */ = {
			isa = PBXGroup;
			children = (
				F907FCD828ED8EDD00BF073D /* Controller */,
				F907FCD628ED8EBF00BF073D /* View */,
				F9E286B828EC7F21009A466B /* Model */,
				F9E286A428EC6605009A466B /* AppDelegate.swift */,
				F9E286A628EC6605009A466B /* SceneDelegate.swift */,
				F907FCD928ED8EF200BF073D /* Extension.swift */,
				F9E286AD28EC6609009A466B /* Assets.xcassets */,
				F9E286AF28EC6609009A466B /* LaunchScreen.storyboard */,
				F9E286B228EC6609009A466B /* Info.plist */,
			);
			path = MovieAppTest;
			sourceTree = "<group>";
		};
		F9E286B828EC7F21009A466B /* Model */ = {
			isa = PBXGroup;
			children = (
				F9E286B928EC8274009A466B /* Movie.swift */,
			);
			path = Model;
			sourceTree = "<group>";
		};
		FE392B968DC2FC5CE034FAFD /* Pods */ = {
			isa = PBXGroup;
			children = (
				185FB6AF21D85485BA5CE8BA /* Pods-MovieAppTest.debug.xcconfig */,
				43FA92F173121D1070C7FA51 /* Pods-MovieAppTest.release.xcconfig */,
			);
			path = Pods;
			sourceTree = "<group>";
		};
/* End PBXGroup section */

/* Begin PBXNativeTarget section */
		F9E286A028EC6605009A466B /* MovieAppTest */ = {
			isa = PBXNativeTarget;
			buildConfigurationList = F9E286B528EC6609009A466B /* Build configuration list for PBXNativeTarget "MovieAppTest" */;
			buildPhases = (
				0B090FA172C5F47520B72FDA /* [CP] Check Pods Manifest.lock */,
				F9E2869D28EC6605009A466B /* Sources */,
				F9E2869E28EC6605009A466B /* Frameworks */,
				F9E2869F28EC6605009A466B /* Resources */,
				9FB2C6308B8A5752A86637A8 /* [CP] Embed Pods Frameworks */,
			);
			buildRules = (
			);
			dependencies = (
			);
			name = MovieAppTest;
			productName = MovieAppTest;
			productReference = F9E286A128EC6605009A466B /* MovieAppTest.app */;
			productType = "com.apple.product-type.application";
		};
/* End PBXNativeTarget section */

/* Begin PBXProject section */
		F9E2869928EC6605009A466B /* Project object */ = {
			isa = PBXProject;
			attributes = {
				BuildIndependentTargetsInParallel = 1;
				LastSwiftUpdateCheck = 1340;
				LastUpgradeCheck = 1340;
				TargetAttributes = {
					F9E286A028EC6605009A466B = {
						CreatedOnToolsVersion = 13.4.1;
					};
				};
			};
			buildConfigurationList = F9E2869C28EC6605009A466B /* Build configuration list for PBXProject "MovieAppTest" */;
			compatibilityVersion = "Xcode 13.0";
			developmentRegion = en;
			hasScannedForEncodings = 0;
			knownRegions = (
				en,
				Base,
			);
			mainGroup = F9E2869828EC6605009A466B;
			productRefGroup = F9E286A228EC6605009A466B /* Products */;
			projectDirPath = "";
			projectRoot = "";
			targets = (
				F9E286A028EC6605009A466B /* MovieAppTest */,
			);
		};
/* End PBXProject section */

/* Begin PBXResourcesBuildPhase section */
		F9E2869F28EC6605009A466B /* Resources */ = {
			isa = PBXResourcesBuildPhase;
			buildActionMask = 2147483647;
			files = (
				F907FCE428EDB0FB00BF073D /* SectionOneCell.xib in Resources */,
				F9E286B128EC6609009A466B /* LaunchScreen.storyboard in Resources */,
				F907FCEC28EDB51000BF073D /* SectionThreeCell.xib in Resources */,
				F9E286AE28EC6609009A466B /* Assets.xcassets in Resources */,
				F907FCE828EDB3AB00BF073D /* SectionTwoCell.xib in Resources */,
				F9E286AC28EC6605009A466B /* Main.storyboard in Resources */,
				F907FCDC28ED98A700BF073D /* Detail.storyboard in Resources */,
				F907FCD528ED1CCD00BF073D /* CustomCollectionViewCell.xib in Resources */,
			);
			runOnlyForDeploymentPostprocessing = 0;
		};
/* End PBXResourcesBuildPhase section */

/* Begin PBXShellScriptBuildPhase section */
		0B090FA172C5F47520B72FDA /* [CP] Check Pods Manifest.lock */ = {
			isa = PBXShellScriptBuildPhase;
			buildActionMask = 2147483647;
			files = (
			);
			inputFileListPaths = (
			);
			inputPaths = (
				"${PODS_PODFILE_DIR_PATH}/Podfile.lock",
				"${PODS_ROOT}/Manifest.lock",
			);
			name = "[CP] Check Pods Manifest.lock";
			outputFileListPaths = (
			);
			outputPaths = (
				"$(DERIVED_FILE_DIR)/Pods-MovieAppTest-checkManifestLockResult.txt",
			);
			runOnlyForDeploymentPostprocessing = 0;
			shellPath = /bin/sh;
			shellScript = "diff \"${PODS_PODFILE_DIR_PATH}/Podfile.lock\" \"${PODS_ROOT}/Manifest.lock\" > /dev/null\nif [ $? != 0 ] ; then\n    # print error to STDERR\n    echo \"error: The sandbox is not in sync with the Podfile.lock. Run 'pod install' or update your CocoaPods installation.\" >&2\n    exit 1\nfi\n# This output is used by Xcode 'outputs' to avoid re-running this script phase.\necho \"SUCCESS\" > \"${SCRIPT_OUTPUT_FILE_0}\"\n";
			showEnvVarsInLog = 0;
		};
		9FB2C6308B8A5752A86637A8 /* [CP] Embed Pods Frameworks */ = {
			isa = PBXShellScriptBuildPhase;
			buildActionMask = 2147483647;
			files = (
			);
			inputFileListPaths = (
				"${PODS_ROOT}/Target Support Files/Pods-MovieAppTest/Pods-MovieAppTest-frameworks-${CONFIGURATION}-input-files.xcfilelist",
			);
			name = "[CP] Embed Pods Frameworks";
			outputFileListPaths = (
				"${PODS_ROOT}/Target Support Files/Pods-MovieAppTest/Pods-MovieAppTest-frameworks-${CONFIGURATION}-output-files.xcfilelist",
			);
			runOnlyForDeploymentPostprocessing = 0;
			shellPath = /bin/sh;
			shellScript = "\"${PODS_ROOT}/Target Support Files/Pods-MovieAppTest/Pods-MovieAppTest-frameworks.sh\"\n";
			showEnvVarsInLog = 0;
		};
/* End PBXShellScriptBuildPhase section */

/* Begin PBXSourcesBuildPhase section */
		F9E2869D28EC6605009A466B /* Sources */ = {
			isa = PBXSourcesBuildPhase;
			buildActionMask = 2147483647;
			files = (
				F9E286A928EC6605009A466B /* ViewController.swift in Sources */,
				F907FCD428ED1CCD00BF073D /* CustomCollectionViewCell.swift in Sources */,
				F907FCE728EDB3AB00BF073D /* SectionTwoCell.swift in Sources */,
				F9E286A528EC6605009A466B /* AppDelegate.swift in Sources */,
				F907FCDA28ED8EF200BF073D /* Extension.swift in Sources */,
				F9E286BA28EC8274009A466B /* Movie.swift in Sources */,
				F907FCEB28EDB51000BF073D /* SectionThreeCell.swift in Sources */,
				F9E286A728EC6605009A466B /* SceneDelegate.swift in Sources */,
				F907FCE328EDB0FB00BF073D /* SectionOneCell.swift in Sources */,
				F907FCDE28ED9F5100BF073D /* DetailViewController.swift in Sources */,
			);
			runOnlyForDeploymentPostprocessing = 0;
		};
/* End PBXSourcesBuildPhase section */

/* Begin PBXVariantGroup section */
		F9E286AA28EC6605009A466B /* Main.storyboard */ = {
			isa = PBXVariantGroup;
			children = (
				F9E286AB28EC6605009A466B /* Base */,
			);
			name = Main.storyboard;
			sourceTree = "<group>";
		};
		F9E286AF28EC6609009A466B /* LaunchScreen.storyboard */ = {
			isa = PBXVariantGroup;
			children = (
				F9E286B028EC6609009A466B /* Base */,
			);
			name = LaunchScreen.storyboard;
			sourceTree = "<group>";
		};
/* End PBXVariantGroup section */

/* Begin XCBuildConfiguration section */
		F9E286B328EC6609009A466B /* Debug */ = {
			isa = XCBuildConfiguration;
			buildSettings = {
				ALWAYS_SEARCH_USER_PATHS = NO;
				CLANG_ANALYZER_NONNULL = YES;
				CLANG_ANALYZER_NUMBER_OBJECT_CONVERSION = YES_AGGRESSIVE;
				CLANG_CXX_LANGUAGE_STANDARD = "gnu++17";
				CLANG_ENABLE_MODULES = YES;
				CLANG_ENABLE_OBJC_ARC = YES;
				CLANG_ENABLE_OBJC_WEAK = YES;
				CLANG_WARN_BLOCK_CAPTURE_AUTORELEASING = YES;
				CLANG_WARN_BOOL_CONVERSION = YES;
				CLANG_WARN_COMMA = YES;
				CLANG_WARN_CONSTANT_CONVERSION = YES;
				CLANG_WARN_DEPRECATED_OBJC_IMPLEMENTATIONS = YES;
				CLANG_WARN_DIRECT_OBJC_ISA_USAGE = YES_ERROR;
				CLANG_WARN_DOCUMENTATION_COMMENTS = YES;
				CLANG_WARN_EMPTY_BODY = YES;
				CLANG_WARN_ENUM_CONVERSION = YES;
				CLANG_WARN_INFINITE_RECURSION = YES;
				CLANG_WARN_INT_CONVERSION = YES;
				CLANG_WARN_NON_LITERAL_NULL_CONVERSION = YES;
				CLANG_WARN_OBJC_IMPLICIT_RETAIN_SELF = YES;
				CLANG_WARN_OBJC_LITERAL_CONVERSION = YES;
				CLANG_WARN_OBJC_ROOT_CLASS = YES_ERROR;
				CLANG_WARN_QUOTED_INCLUDE_IN_FRAMEWORK_HEADER = YES;
				CLANG_WARN_RANGE_LOOP_ANALYSIS = YES;
				CLANG_WARN_STRICT_PROTOTYPES = YES;
				CLANG_WARN_SUSPICIOUS_MOVE = YES;
				CLANG_WARN_UNGUARDED_AVAILABILITY = YES_AGGRESSIVE;
				CLANG_WARN_UNREACHABLE_CODE = YES;
				CLANG_WARN__DUPLICATE_METHOD_MATCH = YES;
				COPY_PHASE_STRIP = NO;
				DEBUG_INFORMATION_FORMAT = dwarf;
				ENABLE_STRICT_OBJC_MSGSEND = YES;
				ENABLE_TESTABILITY = YES;
				GCC_C_LANGUAGE_STANDARD = gnu11;
				GCC_DYNAMIC_NO_PIC = NO;
				GCC_NO_COMMON_BLOCKS = YES;
				GCC_OPTIMIZATION_LEVEL = 0;
				GCC_PREPROCESSOR_DEFINITIONS = (
					"DEBUG=1",
					"$(inherited)",
				);
				GCC_WARN_64_TO_32_BIT_CONVERSION = YES;
				GCC_WARN_ABOUT_RETURN_TYPE = YES_ERROR;
				GCC_WARN_UNDECLARED_SELECTOR = YES;
				GCC_WARN_UNINITIALIZED_AUTOS = YES_AGGRESSIVE;
				GCC_WARN_UNUSED_FUNCTION = YES;
				GCC_WARN_UNUSED_VARIABLE = YES;
				IPHONEOS_DEPLOYMENT_TARGET = 15.5;
				MTL_ENABLE_DEBUG_INFO = INCLUDE_SOURCE;
				MTL_FAST_MATH = YES;
				ONLY_ACTIVE_ARCH = YES;
				SDKROOT = iphoneos;
				SWIFT_ACTIVE_COMPILATION_CONDITIONS = DEBUG;
				SWIFT_OPTIMIZATION_LEVEL = "-Onone";
			};
			name = Debug;
		};
		F9E286B428EC6609009A466B /* Release */ = {
			isa = XCBuildConfiguration;
			buildSettings = {
				ALWAYS_SEARCH_USER_PATHS = NO;
				CLANG_ANALYZER_NONNULL = YES;
				CLANG_ANALYZER_NUMBER_OBJECT_CONVERSION = YES_AGGRESSIVE;
				CLANG_CXX_LANGUAGE_STANDARD = "gnu++17";
				CLANG_ENABLE_MODULES = YES;
				CLANG_ENABLE_OBJC_ARC = YES;
				CLANG_ENABLE_OBJC_WEAK = YES;
				CLANG_WARN_BLOCK_CAPTURE_AUTORELEASING = YES;
				CLANG_WARN_BOOL_CONVERSION = YES;
				CLANG_WARN_COMMA = YES;
				CLANG_WARN_CONSTANT_CONVERSION = YES;
				CLANG_WARN_DEPRECATED_OBJC_IMPLEMENTATIONS = YES;
				CLANG_WARN_DIRECT_OBJC_ISA_USAGE = YES_ERROR;
				CLANG_WARN_DOCUMENTATION_COMMENTS = YES;
				CLANG_WARN_EMPTY_BODY = YES;
				CLANG_WARN_ENUM_CONVERSION = YES;
				CLANG_WARN_INFINITE_RECURSION = YES;
				CLANG_WARN_INT_CONVERSION = YES;
				CLANG_WARN_NON_LITERAL_NULL_CONVERSION = YES;
				CLANG_WARN_OBJC_IMPLICIT_RETAIN_SELF = YES;
				CLANG_WARN_OBJC_LITERAL_CONVERSION = YES;
				CLANG_WARN_OBJC_ROOT_CLASS = YES_ERROR;
				CLANG_WARN_QUOTED_INCLUDE_IN_FRAMEWORK_HEADER = YES;
				CLANG_WARN_RANGE_LOOP_ANALYSIS = YES;
				CLANG_WARN_STRICT_PROTOTYPES = YES;
				CLANG_WARN_SUSPICIOUS_MOVE = YES;
				CLANG_WARN_UNGUARDED_AVAILABILITY = YES_AGGRESSIVE;
				CLANG_WARN_UNREACHABLE_CODE = YES;
				CLANG_WARN__DUPLICATE_METHOD_MATCH = YES;
				COPY_PHASE_STRIP = NO;
				DEBUG_INFORMATION_FORMAT = "dwarf-with-dsym";
				ENABLE_NS_ASSERTIONS = NO;
				ENABLE_STRICT_OBJC_MSGSEND = YES;
				GCC_C_LANGUAGE_STANDARD = gnu11;
				GCC_NO_COMMON_BLOCKS = YES;
				GCC_WARN_64_TO_32_BIT_CONVERSION = YES;
				GCC_WARN_ABOUT_RETURN_TYPE = YES_ERROR;
				GCC_WARN_UNDECLARED_SELECTOR = YES;
				GCC_WARN_UNINITIALIZED_AUTOS = YES_AGGRESSIVE;
				GCC_WARN_UNUSED_FUNCTION = YES;
				GCC_WARN_UNUSED_VARIABLE = YES;
				IPHONEOS_DEPLOYMENT_TARGET = 15.5;
				MTL_ENABLE_DEBUG_INFO = NO;
				MTL_FAST_MATH = YES;
				SDKROOT = iphoneos;
				SWIFT_COMPILATION_MODE = wholemodule;
				SWIFT_OPTIMIZATION_LEVEL = "-O";
				VALIDATE_PRODUCT = YES;
			};
			name = Release;
		};
		F9E286B628EC6609009A466B /* Debug */ = {
			isa = XCBuildConfiguration;
			baseConfigurationReference = 185FB6AF21D85485BA5CE8BA /* Pods-MovieAppTest.debug.xcconfig */;
			buildSettings = {
				ASSETCATALOG_COMPILER_APPICON_NAME = AppIcon;
				ASSETCATALOG_COMPILER_GLOBAL_ACCENT_COLOR_NAME = AccentColor;
				CODE_SIGN_STYLE = Automatic;
				CURRENT_PROJECT_VERSION = 1;
				DEVELOPMENT_TEAM = X2G85LC5ZY;
				GENERATE_INFOPLIST_FILE = YES;
				INFOPLIST_FILE = MovieAppTest/Info.plist;
				INFOPLIST_KEY_UIApplicationSupportsIndirectInputEvents = YES;
				INFOPLIST_KEY_UILaunchStoryboardName = LaunchScreen;
				INFOPLIST_KEY_UIMainStoryboardFile = Main;
				INFOPLIST_KEY_UISupportedInterfaceOrientations_iPad = "UIInterfaceOrientationPortrait UIInterfaceOrientationPortraitUpsideDown UIInterfaceOrientationLandscapeLeft UIInterfaceOrientationLandscapeRight";
				INFOPLIST_KEY_UISupportedInterfaceOrientations_iPhone = "UIInterfaceOrientationPortrait UIInterfaceOrientationLandscapeLeft UIInterfaceOrientationLandscapeRight";
				IPHONEOS_DEPLOYMENT_TARGET = 13.0;
				LD_RUNPATH_SEARCH_PATHS = (
					"$(inherited)",
					"@executable_path/Frameworks",
				);
				MARKETING_VERSION = 1.0;
				PRODUCT_BUNDLE_IDENTIFIER = com.hannatassja.MovieAppTest;
				PRODUCT_NAME = "$(TARGET_NAME)";
				SWIFT_EMIT_LOC_STRINGS = YES;
				SWIFT_VERSION = 5.0;
				TARGETED_DEVICE_FAMILY = "1,2";
			};
			name = Debug;
		};
		F9E286B728EC6609009A466B /* Release */ = {
			isa = XCBuildConfiguration;
			baseConfigurationReference = 43FA92F173121D1070C7FA51 /* Pods-MovieAppTest.release.xcconfig */;
			buildSettings = {
				ASSETCATALOG_COMPILER_APPICON_NAME = AppIcon;
				ASSETCATALOG_COMPILER_GLOBAL_ACCENT_COLOR_NAME = AccentColor;
				CODE_SIGN_STYLE = Automatic;
				CURRENT_PROJECT_VERSION = 1;
				DEVELOPMENT_TEAM = X2G85LC5ZY;
				GENERATE_INFOPLIST_FILE = YES;
				INFOPLIST_FILE = MovieAppTest/Info.plist;
				INFOPLIST_KEY_UIApplicationSupportsIndirectInputEvents = YES;
				INFOPLIST_KEY_UILaunchStoryboardName = LaunchScreen;
				INFOPLIST_KEY_UIMainStoryboardFile = Main;
				INFOPLIST_KEY_UISupportedInterfaceOrientations_iPad = "UIInterfaceOrientationPortrait UIInterfaceOrientationPortraitUpsideDown UIInterfaceOrientationLandscapeLeft UIInterfaceOrientationLandscapeRight";
				INFOPLIST_KEY_UISupportedInterfaceOrientations_iPhone = "UIInterfaceOrientationPortrait UIInterfaceOrientationLandscapeLeft UIInterfaceOrientationLandscapeRight";
				IPHONEOS_DEPLOYMENT_TARGET = 13.0;
				LD_RUNPATH_SEARCH_PATHS = (
					"$(inherited)",
					"@executable_path/Frameworks",
				);
				MARKETING_VERSION = 1.0;
				PRODUCT_BUNDLE_IDENTIFIER = com.hannatassja.MovieAppTest;
				PRODUCT_NAME = "$(TARGET_NAME)";
				SWIFT_EMIT_LOC_STRINGS = YES;
				SWIFT_VERSION = 5.0;
				TARGETED_DEVICE_FAMILY = "1,2";
			};
			name = Release;
		};
/* End XCBuildConfiguration section */

/* Begin XCConfigurationList section */
		F9E2869C28EC6605009A466B /* Build configuration list for PBXProject "MovieAppTest" */ = {
			isa = XCConfigurationList;
			buildConfigurations = (
				F9E286B328EC6609009A466B /* Debug */,
				F9E286B428EC6609009A466B /* Release */,
			);
			defaultConfigurationIsVisible = 0;
			defaultConfigurationName = Release;
		};
		F9E286B528EC6609009A466B /* Build configuration list for PBXNativeTarget "MovieAppTest" */ = {
			isa = XCConfigurationList;
			buildConfigurations = (
				F9E286B628EC6609009A466B /* Debug */,
				F9E286B728EC6609009A466B /* Release */,
			);
			defaultConfigurationIsVisible = 0;
			defaultConfigurationName = Release;
		};
/* End XCConfigurationList section */
	};
	rootObject = F9E2869928EC6605009A466B /* Project object */;
}
